{
    "_meta": {
        "hash": {
            "sha256": "69fdbcdc02b8e9a31d9c7ec5a43a24936ffa29499f2c993b5c146c2897e03983"
        },
        "pipfile-spec": 6,
        "requires": {
            "python_version": "3.9"
        },
        "sources": [
            {
                "name": "pypi",
                "url": "https://pypi.org/simple",
                "verify_ssl": true
            }
        ]
    },
    "default": {
        "falcon": {
            "hashes": [
                "sha256:0931f152083136f311bb4714d0896c45a9dbb6e41193524c1e46e49601f3cf1a",
                "sha256:0bb2cd012b54bbc09e721d6c1c469c9fc65801938796dda9cb478595d3fe0102",
                "sha256:0f8dd3ac65843d783e3491ad9c822a469683cc759298cf772b1aef98cba7a0a6",
                "sha256:18345b954e33bfc9f6307eba3e04036db0706cb74c7162ed306174fb334efd97",
                "sha256:1acb58a52edea4d85ec5cf80e8ae2d4a5c12d12c4f48f98ba921876241a7f485",
                "sha256:1d6074a7f8d3f5b4cd6b10e0da5e6051e3b842fb4173f61a7bd9480c5d3830ce",
                "sha256:1f9cdda87bd0b44a5a4bf64c38899519b373aa5d12cb48e655a568b2003229d6",
                "sha256:20fc821c9a9a9f60559db80c9dca5921e8717bafcc2d385b2add1d9fcda6b70b",
                "sha256:25b126a043a2af50d78d20da88d202d75f6db74a51922a7d091cd0c6cc3cf226",
                "sha256:2bea37ecae785e5b414c4e6c2a28b0f7b7713603f4609751922b92363911f506",
                "sha256:31ffc922664e591a617e4626aa8ce5be4249c5ac90c9a8bf51aec0c8136c4945",
                "sha256:3703e351ce9ff3234934e48d3eaa4f531fc599cea06c705ff4f424401dc8c782",
                "sha256:3ae8b3dfac661827f3f7adb00967b9713ff7d3cd6e145a211580e53bace1b90e",
                "sha256:46590d87f63f1acb51a54da76680971e2a882b4ffc075ee6eea8a9cda09e8b3e",
                "sha256:4f3ca5f43e945963dd5947f8b5d73771362c94be726a6b55d7e98e37c242d739",
                "sha256:55aeee10314c71cd712856229327c958e852f6ebffaec4f15f7747f1fce2b768",
                "sha256:5a6d5ea9b22f768306e51260d40260b6c5fa4eb42247a4af21a3ed477ce1891b",
                "sha256:5c077bc5c7a2a813d5bc627033dcbd93e9942a412c51ceae99553c0eb1f57353",
                "sha256:60c078bd382336afbe355d23d278b34f9b993e54f1273c17825b7efd37d95e1f",
                "sha256:71240ccb1ea844508b338e52c0bcc14dc26c5f69ac135f394e438fa7757c9932",
                "sha256:756ceeb2eea5a90d9fdc5d98772b3588abcb51568f7196cb96a7530d4d9732d1",
                "sha256:760e537d8420d2388b792a72cea995c7e97d15bae47bd8f23144d4e4b31f8c2b",
                "sha256:7d6bbe61057fca5856c80eac7f8b66e2c3f1c08ae316e00097e969a64f2b0317",
                "sha256:80911b9d5d81a1214a6de7935596d19f95b5f6895497c788fe789d013ce55e0c",
                "sha256:8d7c3d52ae4590ddfa0b3d9c75d44ab573340a5e78d72ee687712e757ac53929",
                "sha256:8e2425e23bdc93477b8f9eb762f6a8e0db8dcd4f5504e9fc16e9730214c8a7b1",
                "sha256:a0fcfdc88991c3b15b82126532be3ba7560d9855565a0892d7a0043c64ae0ba6",
                "sha256:a482859138954b6f08132ba2d8be3d7f8f9e1b15cf62e4835b724ad7040e857c",
                "sha256:a6b4d78fef4b8a59333f6a08315bb757d38406e8f25b9289fe2d5f057e5431a6",
                "sha256:a934a65b7e0d15b44b0d25c17027a8a6b8f37e4320ad39318654673bb73e7d30",
                "sha256:b875f1b293056ffe4a30f0b9e126a7b3a62e4fa4cc30f96a301d9a95636e0107",
                "sha256:bfc475355b110d355f007702fb5d5da98f96051541e24385d5d3a94f7f71d044",
                "sha256:c2a015ce7a81e24a3ce87461e01cac8607f71b76942edc2d65cdbe9e7b9eda64",
                "sha256:d334ad5a5d1abdd04df642f0cc1b29e2644736e081b9c06a7819b7b469ce21d9",
                "sha256:e37531b2dc1552160813562e8c0ffd45e45e08d8c57c125257f227cb4a9bba55",
                "sha256:ed47e10a7f85458163bb9190c6f7202a3c101ebcd085f9972abc8912ddb50ee9"
            ],
            "index": "pypi",
            "version": "==3.0.0"
        },
        "gunicorn": {
            "hashes": [
                "sha256:e0a968b5ba15f8a328fdfd7ab1fcb5af4470c28aaf7e55df02a99bc13138e6e8"
            ],
            "index": "pypi",
            "version": "==20.1.0"
        }
    },
    "develop": {}
}
